
Microsoft Visual Studio Solution File, Format Version 12.00
# Visual Studio 15
VisualStudioVersion = 15.0.27703.2026
MinimumVisualStudioVersion = 10.0.40219.1
Project("{FAE04EC0-301F-11D3-BF4B-00C04F79EFBC}") = "UserSignup", "UserSignup\UserSignup.csproj", "{F5E3A2A8-0D50-4520-9A06-95C1655B3635}"
EndProject
Global
	GlobalSection(SolutionConfigurationPlatforms) = preSolution
		Debug|Any CPU = Debug|Any CPU
		Release|Any CPU = Release|Any CPU
	EndGlobalSection
	GlobalSection(ProjectConfigurationPlatforms) = postSolution
		{F5E3A2A8-0D50-4520-9A06-95C1655B3635}.Debug|Any CPU.ActiveCfg = Debug|Any CPU
		{F5E3A2A8-0D50-4520-9A06-95C1655B3635}.Debug|Any CPU.Build.0 = Debug|Any CPU
		{F5E3A2A8-0D50-4520-9A06-95C1655B3635}.Release|Any CPU.ActiveCfg = Release|Any CPU
		{F5E3A2A8-0D50-4520-9A06-95C1655B3635}.Release|Any CPU.Build.0 = Release|Any CPU
	EndGlobalSection
	GlobalSection(SolutionProperties) = preSolution
		HideSolutionNode = FALSE
	EndGlobalSection
	GlobalSection(ExtensibilityGlobals) = postSolution
		SolutionGuid = {027F3EDA-66A3-456B-800F-98CE5A0C0E61}
	EndGlobalSection
EndGlobal
